
Microsoft Visual Studio Solution File, Format Version 12.00
# Visual Studio 15
VisualStudioVersion = 15.0.28307.572
MinimumVisualStudioVersion = 10.0.40219.1
Project("{FAE04EC0-301F-11D3-BF4B-00C04F79EFBC}") = "EnsoulSharp.Xerath", "EnsoulSharp.Xerath.csproj", "{9D6939AB-AE1D-4BB1-B0DD-7E1F82F2BC57}"
EndProject
Global
	GlobalSection(SolutionConfigurationPlatforms) = preSolution
		Debug|Any CPU = Debug|Any CPU
		Release|Any CPU = Release|Any CPU
	EndGlobalSection
	GlobalSection(ProjectConfigurationPlatforms) = postSolution
		{9D6939AB-AE1D-4BB1-B0DD-7E1F82F2BC57}.Debug|Any CPU.ActiveCfg = Debug|Any CPU
		{9D6939AB-AE1D-4BB1-B0DD-7E1F82F2BC57}.Debug|Any CPU.Build.0 = Debug|Any CPU
		{9D6939AB-AE1D-4BB1-B0DD-7E1F82F2BC57}.Release|Any CPU.ActiveCfg = Release|Any CPU
		{9D6939AB-AE1D-4BB1-B0DD-7E1F82F2BC57}.Release|Any CPU.Build.0 = Release|Any CPU
	EndGlobalSection
	GlobalSection(SolutionProperties) = preSolution
		HideSolutionNode = FALSE
	EndGlobalSection
	GlobalSection(ExtensibilityGlobals) = postSolution
		SolutionGuid = {1D3B81BA-7C28-49B3-9ED2-7B754B5AED14}
	EndGlobalSection
EndGlobal
