
Microsoft Visual Studio Solution File, Format Version 12.00
# Visual Studio 15
VisualStudioVersion = 15.0.28307.572
MinimumVisualStudioVersion = 10.0.40219.1
Project("{FAE04EC0-301F-11D3-BF4B-00C04F79EFBC}") = "EnsoulSharp.Kalista", "EnsoulSharp.Kalista.csproj", "{7BC7715E-7172-4C00-8A27-79CC35F8A45B}"
EndProject
Global
	GlobalSection(SolutionConfigurationPlatforms) = preSolution
		Debug|Any CPU = Debug|Any CPU
		Release|Any CPU = Release|Any CPU
	EndGlobalSection
	GlobalSection(ProjectConfigurationPlatforms) = postSolution
		{7BC7715E-7172-4C00-8A27-79CC35F8A45B}.Debug|Any CPU.ActiveCfg = Debug|Any CPU
		{7BC7715E-7172-4C00-8A27-79CC35F8A45B}.Debug|Any CPU.Build.0 = Debug|Any CPU
		{7BC7715E-7172-4C00-8A27-79CC35F8A45B}.Release|Any CPU.ActiveCfg = Release|Any CPU
		{7BC7715E-7172-4C00-8A27-79CC35F8A45B}.Release|Any CPU.Build.0 = Release|Any CPU
	EndGlobalSection
	GlobalSection(SolutionProperties) = preSolution
		HideSolutionNode = FALSE
	EndGlobalSection
	GlobalSection(ExtensibilityGlobals) = postSolution
		SolutionGuid = {03552525-7099-4587-9D82-7C6EF6F0CAAE}
	EndGlobalSection
EndGlobal
